
Microsoft Visual Studio Solution File, Format Version 12.00
# Visual Studio Express 2012 for Web
Project("{FAE04EC0-301F-11D3-BF4B-00C04F79EFBC}") = "WeeklyScheduleExample", "WeeklyScheduleExample\WeeklyScheduleExample.csproj", "{20406501-6AD8-45E9-B08B-EB102AD49476}"
EndProject
Global
	GlobalSection(SolutionConfigurationPlatforms) = preSolution
		Debug|Any CPU = Debug|Any CPU
		Release|Any CPU = Release|Any CPU
	EndGlobalSection
	GlobalSection(ProjectConfigurationPlatforms) = postSolution
		{20406501-6AD8-45E9-B08B-EB102AD49476}.Debug|Any CPU.ActiveCfg = Debug|Any CPU
		{20406501-6AD8-45E9-B08B-EB102AD49476}.Debug|Any CPU.Build.0 = Debug|Any CPU
		{20406501-6AD8-45E9-B08B-EB102AD49476}.Release|Any CPU.ActiveCfg = Release|Any CPU
		{20406501-6AD8-45E9-B08B-EB102AD49476}.Release|Any CPU.Build.0 = Release|Any CPU
	EndGlobalSection
	GlobalSection(SolutionProperties) = preSolution
		HideSolutionNode = FALSE
	EndGlobalSection
EndGlobal
